<?xml version="1.0" encoding="UTF-8"?>
<Scheme
   LastUpgradeVersion = "0800"
   version = "1.3">
   <BuildAction
      parallelizeBuildables = "YES"
      buildImplicitDependencies = "YES">
      <BuildActionEntries>
         <BuildActionEntry
            buildForTesting = "YES"
            buildForRunning = "YES"
            buildForProfiling = "YES"
            buildForArchiving = "YES"
            buildForAnalyzing = "YES">
            <BuildableReference
               BuildableIdentifier = "primary"
               BlueprintIdentifier = "CE4C91751D921597002C5FD5"
               BuildableName = "ME_&#x5fae;&#x535a;_CZL.app"
               BlueprintName = "ME_&#x5fae;&#x535a;_CZL"
               ReferencedContainer = "container:ME_&#x5fae;&#x535a;_CZL.xcodeproj">
            </BuildableReference>
         </BuildActionEntry>
      </BuildActionEntries>
   </BuildAction>
   <TestAction
      buildConfiguration = "Debug"
      selectedDebuggerIdentifier = "Xcode.DebuggerFoundation.Debugger.LLDB"
      selectedLauncherIdentifier = "Xcode.DebuggerFoundation.Launcher.LLDB"
      shouldUseLaunchSchemeArgsEnv = "YES">
      <Testables>
         <TestableReference
            skipped = "NO">
            <BuildableReference
               BuildableIdentifier = "primary"
               BlueprintIdentifier = "CE4C918E1D921597002C5FD5"
               BuildableName = "ME_&#x5fae;&#x535a;_CZLTests.xctest"
               BlueprintName = "ME_&#x5fae;&#x535a;_CZLTests"
               ReferencedContainer = "container:ME_&#x5fae;&#x535a;_CZL.xcodeproj">
            </BuildableReference>
         </TestableReference>
         <TestableReference
            skipped = "NO">
            <BuildableReference
               BuildableIdentifier = "primary"
               BlueprintIdentifier = "CE4C91991D921597002C5FD5"
               BuildableName = "ME_&#x5fae;&#x535a;_CZLUITests.xctest"
               BlueprintName = "ME_&#x5fae;&#x535a;_CZLUITests"
               ReferencedContainer = "container:ME_&#x5fae;&#x535a;_CZL.xcodeproj">
            </BuildableReference>
         </TestableReference>
      </Testables>
      <MacroExpansion>
         <BuildableReference
            BuildableIdentifier = "primary"
            BlueprintIdentifier = "CE4C91751D921597002C5FD5"
            BuildableName = "ME_&#x5fae;&#x535a;_CZL.app"
            BlueprintName = "ME_&#x5fae;&#x535a;_CZL"
            ReferencedContainer = "container:ME_&#x5fae;&#x535a;_CZL.xcodeproj">
         </BuildableReference>
      </MacroExpansion>
      <AdditionalOptions>
      </AdditionalOptions>
   </TestAction>
   <LaunchAction
      buildConfiguration = "Debug"
      selectedDebuggerIdentifier = "Xcode.DebuggerFoundation.Debugger.LLDB"
      selectedLauncherIdentifier = "Xcode.DebuggerFoundation.Launcher.LLDB"
      launchStyle = "0"
      useCustomWorkingDirectory = "NO"
      ignoresPersistentStateOnLaunch = "NO"
      debugDocumentVersioning = "YES"
      debugServiceExtension = "internal"
      allowLocationSimulation = "YES">
      <BuildableProductRunnable
         runnableDebuggingMode = "0">
         <BuildableReference
            BuildableIdentifier = "primary"
            BlueprintIdentifier = "CE4C91751D921597002C5FD5"
            BuildableName = "ME_&#x5fae;&#x535a;_CZL.app"
            BlueprintName = "ME_&#x5fae;&#x535a;_CZL"
            ReferencedContainer = "container:ME_&#x5fae;&#x535a;_CZL.xcodeproj">
         </BuildableReference>
      </BuildableProductRunnable>
      <EnvironmentVariables>
         <EnvironmentVariable
            key = "OS_ACTIVITY_MODE"
            value = "disable"
            isEnabled = "YES">
         </EnvironmentVariable>
      </EnvironmentVariables>
      <AdditionalOptions>
      </AdditionalOptions>
   </LaunchAction>
   <ProfileAction
      buildConfiguration = "Release"
      shouldUseLaunchSchemeArgsEnv = "YES"
      savedToolIdentifier = ""
      useCustomWorkingDirectory = "NO"
      debugDocumentVersioning = "YES">
      <BuildableProductRunnable
         runnableDebuggingMode = "0">
         <BuildableReference
            BuildableIdentifier = "primary"
            BlueprintIdentifier = "CE4C91751D921597002C5FD5"
            BuildableName = "ME_&#x5fae;&#x535a;_CZL.app"
            BlueprintName = "ME_&#x5fae;&#x535a;_CZL"
            ReferencedContainer = "container:ME_&#x5fae;&#x535a;_CZL.xcodeproj">
         </BuildableReference>
      </BuildableProductRunnable>
   </ProfileAction>
   <AnalyzeAction
      buildConfiguration = "Debug">
   </AnalyzeAction>
   <ArchiveAction
      buildConfiguration = "Release"
      revealArchiveInOrganizer = "YES">
   </ArchiveAction>
</Scheme>
